{
	"name": "@joelek/circus",
	"version": "0.0.120",
	"lockfileVersion": 1,
	"requires": true,
	"dependencies": {
		"@joelek/ts-autoguard": {
			"version": "github:joelek/ts-autoguard#edb900b6db65d331d445c97d77c0fe12e12a285c",
			"from": "github:joelek/ts-autoguard#semver:^5",
			"dev": true,
			"requires": {
				"@joelek/ts-stdlib": "github:joelek/ts-stdlib#semver:^1"
			}
		},
		"@joelek/ts-bundle": {
			"version": "github:joelek/ts-bundle#a91b3bd466244c64c9ed0b48350c801918393d78",
			"from": "github:joelek/ts-bundle#semver:^0",
			"dev": true,
			"requires": {
				"typescript": "^4"
			}
		},
		"@joelek/ts-sockets": {
			"version": "github:joelek/ts-sockets#38e7a87e2cdf98cd63fb6e0f3e2060efd17e21b0",
			"from": "github:joelek/ts-sockets#semver:^2",
			"dev": true,
			"requires": {
				"@joelek/ts-stdlib": "github:joelek/ts-stdlib"
			},
			"dependencies": {
				"@joelek/ts-stdlib": {
					"version": "github:joelek/ts-stdlib#209ab85ce805bef1bb41be7225f6292f9a8ca46d",
					"from": "github:joelek/ts-stdlib",
					"dev": true
				}
			}
		},
		"@joelek/ts-stdlib": {
			"version": "github:joelek/ts-stdlib#209ab85ce805bef1bb41be7225f6292f9a8ca46d",
			"from": "github:joelek/ts-stdlib#semver:^1",
			"dev": true
		},
		"@types/node": {
			"version": "14.14.44",
			"resolved": "https://registry.npmjs.org/@types/node/-/node-14.14.44.tgz",
			"integrity": "sha512-+gaugz6Oce6ZInfI/tK4Pq5wIIkJMEJUu92RB3Eu93mtj4wjjjz9EB5mLp5s1pSsLXdC/CPut/xF20ZzAQJbTA==",
			"dev": true
		},
		"typescript": {
			"version": "4.2.4",
			"resolved": "https://registry.npmjs.org/typescript/-/typescript-4.2.4.tgz",
			"integrity": "sha512-V+evlYHZnQkaz8TRBuxTA92yZBPotr5H+WhQ7bD3hZUndx5tGOa1fuCgeSjxAzM1RiN5IzvadIXTVefuuwZCRg==",
			"dev": true
		}
	}
}
