{
	"name": "@joelek/circus",
	"version": "0.0.141",
	"lockfileVersion": 2,
	"requires": true,
	"packages": {
		"": {
			"name": "@joelek/circus",
			"version": "0.0.141",
			"license": "MIT",
			"devDependencies": {
				"@joelek/atlas": "github:joelek/atlas#master",
				"@joelek/ts-autoguard": "github:joelek/ts-autoguard#semver:^5.11",
				"@joelek/ts-bundle": "github:joelek/ts-bundle#semver:^1.0",
				"@joelek/ts-sockets": "github:joelek/ts-sockets#semver:^2.2",
				"@joelek/ts-stdlib": "github:joelek/ts-stdlib#semver:^1.1",
				"@types/node": "^16.7",
				"typescript": "^4.4"
			}
		},
		"node_modules/@joelek/atlas": {
			"version": "0.6.0",
			"resolved": "git+ssh://git@github.com/joelek/atlas.git#3c7889156c1666d2747addfaeeea2990991a4238",
			"dev": true,
			"license": "MIT",
			"dependencies": {
				"@joelek/bedrock": "github:joelek/bedrock#semver:^0.5",
				"@joelek/ts-stdlib": "github:joelek/ts-stdlib#semver:^1.1"
			}
		},
		"node_modules/@joelek/bedrock": {
			"version": "0.5.2",
			"resolved": "git+ssh://git@github.com/joelek/bedrock.git#eed19083e47c04879b9b22962eeda6eb3b4e0847",
			"dev": true,
			"license": "MIT"
		},
		"node_modules/@joelek/ts-autoguard": {
			"version": "5.11.2",
			"resolved": "git+ssh://git@github.com/joelek/ts-autoguard.git#d57182d8f338eba62c188062dc3aa26c32925f25",
			"dev": true,
			"license": "MIT",
			"dependencies": {
				"@joelek/bedrock": "github:joelek/bedrock#semver:^0.5",
				"@joelek/ts-stdlib": "github:joelek/ts-stdlib#semver:^1.0"
			},
			"bin": {
				"autoguard": "dist/cli/index.js"
			}
		},
		"node_modules/@joelek/ts-bundle": {
			"version": "1.1.2",
			"resolved": "git+ssh://git@github.com/joelek/ts-bundle.git#3669dc646c001b5eca5fe6f18b36a3fc52aef0be",
			"dev": true,
			"license": "MIT",
			"dependencies": {
				"typescript": "^4.4"
			},
			"bin": {
				"tsb": "dist/cli.js"
			}
		},
		"node_modules/@joelek/ts-sockets": {
			"version": "2.2.6",
			"resolved": "git+ssh://git@github.com/joelek/ts-sockets.git#92ff16a02ff0d5c0ebe6a5fee5614da2c68048ab",
			"dev": true,
			"license": "MIT",
			"dependencies": {
				"@joelek/ts-stdlib": "github:joelek/ts-stdlib#semver:^1.0"
			}
		},
		"node_modules/@joelek/ts-stdlib": {
			"version": "1.1.6",
			"resolved": "git+ssh://git@github.com/joelek/ts-stdlib.git#37de35ff1ffd5ba9430530c4ca7c03630933f719",
			"dev": true,
			"license": "MIT"
		},
		"node_modules/@types/node": {
			"version": "16.11.26",
			"resolved": "https://registry.npmjs.org/@types/node/-/node-16.11.26.tgz",
			"integrity": "sha512-GZ7bu5A6+4DtG7q9GsoHXy3ALcgeIHP4NnL0Vv2wu0uUB/yQex26v0tf6/na1mm0+bS9Uw+0DFex7aaKr2qawQ==",
			"dev": true
		},
		"node_modules/typescript": {
			"version": "4.6.3",
			"resolved": "https://registry.npmjs.org/typescript/-/typescript-4.6.3.tgz",
			"integrity": "sha512-yNIatDa5iaofVozS/uQJEl3JRWLKKGJKh6Yaiv0GLGSuhpFJe7P3SbHZ8/yjAHRQwKRoA6YZqlfjXWmVzoVSMw==",
			"dev": true,
			"bin": {
				"tsc": "bin/tsc",
				"tsserver": "bin/tsserver"
			},
			"engines": {
				"node": ">=4.2.0"
			}
		}
	},
	"dependencies": {
		"@joelek/atlas": {
			"version": "git+ssh://git@github.com/joelek/atlas.git#3c7889156c1666d2747addfaeeea2990991a4238",
			"dev": true,
			"from": "@joelek/atlas@github:joelek/atlas#master",
			"requires": {
				"@joelek/bedrock": "github:joelek/bedrock#semver:^0.5",
				"@joelek/ts-stdlib": "github:joelek/ts-stdlib#semver:^1.1"
			}
		},
		"@joelek/bedrock": {
			"version": "git+ssh://git@github.com/joelek/bedrock.git#eed19083e47c04879b9b22962eeda6eb3b4e0847",
			"dev": true,
			"from": "@joelek/bedrock@github:joelek/bedrock#semver:^0.5"
		},
		"@joelek/ts-autoguard": {
			"version": "git+ssh://git@github.com/joelek/ts-autoguard.git#d57182d8f338eba62c188062dc3aa26c32925f25",
			"dev": true,
			"from": "@joelek/ts-autoguard@github:joelek/ts-autoguard#semver:^5.11",
			"requires": {
				"@joelek/bedrock": "github:joelek/bedrock#semver:^0.5",
				"@joelek/ts-stdlib": "github:joelek/ts-stdlib#semver:^1.0"
			}
		},
		"@joelek/ts-bundle": {
			"version": "git+ssh://git@github.com/joelek/ts-bundle.git#3669dc646c001b5eca5fe6f18b36a3fc52aef0be",
			"dev": true,
			"from": "@joelek/ts-bundle@github:joelek/ts-bundle#semver:^1.0",
			"requires": {
				"typescript": "^4.4"
			}
		},
		"@joelek/ts-sockets": {
			"version": "git+ssh://git@github.com/joelek/ts-sockets.git#92ff16a02ff0d5c0ebe6a5fee5614da2c68048ab",
			"dev": true,
			"from": "@joelek/ts-sockets@github:joelek/ts-sockets#semver:^2.2",
			"requires": {
				"@joelek/ts-stdlib": "github:joelek/ts-stdlib#semver:^1.0"
			}
		},
		"@joelek/ts-stdlib": {
			"version": "git+ssh://git@github.com/joelek/ts-stdlib.git#37de35ff1ffd5ba9430530c4ca7c03630933f719",
			"dev": true,
			"from": "@joelek/ts-stdlib@github:joelek/ts-stdlib#semver:^1.1"
		},
		"@types/node": {
			"version": "16.11.26",
			"resolved": "https://registry.npmjs.org/@types/node/-/node-16.11.26.tgz",
			"integrity": "sha512-GZ7bu5A6+4DtG7q9GsoHXy3ALcgeIHP4NnL0Vv2wu0uUB/yQex26v0tf6/na1mm0+bS9Uw+0DFex7aaKr2qawQ==",
			"dev": true
		},
		"typescript": {
			"version": "4.6.3",
			"resolved": "https://registry.npmjs.org/typescript/-/typescript-4.6.3.tgz",
			"integrity": "sha512-yNIatDa5iaofVozS/uQJEl3JRWLKKGJKh6Yaiv0GLGSuhpFJe7P3SbHZ8/yjAHRQwKRoA6YZqlfjXWmVzoVSMw==",
			"dev": true
		}
	}
}
