{
	"name": "@joelek/castaway",
	"version": "0.0.105",
	"lockfileVersion": 1,
	"requires": true,
	"dependencies": {
		"@joelek/ts-autoguard": {
			"version": "github:joelek/ts-autoguard#df7c048ead94bd40ad26abe1a4ee486b1cb65037",
			"from": "github:joelek/ts-autoguard#semver:^4",
			"dev": true,
			"requires": {
				"@joelek/ts-stdlib": "github:joelek/ts-stdlib"
			}
		},
		"@joelek/ts-bundle": {
			"version": "github:joelek/ts-bundle#a91b3bd466244c64c9ed0b48350c801918393d78",
			"from": "github:joelek/ts-bundle#semver:^0",
			"dev": true,
			"requires": {
				"typescript": "^4"
			}
		},
		"@joelek/ts-sockets": {
			"version": "github:joelek/ts-sockets#38e7a87e2cdf98cd63fb6e0f3e2060efd17e21b0",
			"from": "github:joelek/ts-sockets#semver:^2",
			"dev": true,
			"requires": {
				"@joelek/ts-stdlib": "github:joelek/ts-stdlib"
			}
		},
		"@joelek/ts-stdlib": {
			"version": "github:joelek/ts-stdlib#2f1f15c1b1479ceb2fc17d60e8f7846d2adf34d5",
			"from": "github:joelek/ts-stdlib",
			"dev": true
		},
		"@types/node": {
			"version": "14.14.25",
			"resolved": "https://registry.npmjs.org/@types/node/-/node-14.14.25.tgz",
			"integrity": "sha512-EPpXLOVqDvisVxtlbvzfyqSsFeQxltFbluZNRndIb8tr9KiBnYNLzrc1N3pyKUCww2RNrfHDViqDWWE1LCJQtQ==",
			"dev": true
		},
		"typescript": {
			"version": "4.1.3",
			"resolved": "https://registry.npmjs.org/typescript/-/typescript-4.1.3.tgz",
			"integrity": "sha512-B3ZIOf1IKeH2ixgHhj6la6xdwR9QrLC5d1VKeCSY4tvkqhF2eqd9O7txNlS0PO3GrBAFIdr3L1ndNwteUbZLYg==",
			"dev": true
		}
	}
}
